
Microsoft Visual Studio Solution File, Format Version 12.00
# Visual Studio Version 17
VisualStudioVersion = 17.10.34928.147
MinimumVisualStudioVersion = 10.0.40219.1
Project("{9A19103F-16F7-4668-BE54-9A1E7A4F7556}") = "beecrowd1000", "beecrowd1000.csproj", "{C072736A-47E8-40F6-90BA-48EFF7863953}"
EndProject
Project("{9A19103F-16F7-4668-BE54-9A1E7A4F7556}") = "beecrowd1001", "..\beecrowd1001\beecrowd1001.csproj", "{0FA7996A-9DA1-420A-AFE5-7E28A729E0A6}"
EndProject
Project("{9A19103F-16F7-4668-BE54-9A1E7A4F7556}") = "beecrowd1002", "..\beecrowd1002\beecrowd1002.csproj", "{3AB692B8-9CE8-4154-8B9A-312579AC17EA}"
EndProject
Project("{9A19103F-16F7-4668-BE54-9A1E7A4F7556}") = "beecrowd1003", "..\beecrowd1003\beecrowd1003.csproj", "{620F752D-1DE5-48C8-845C-A9A8039F1828}"
EndProject
Project("{9A19103F-16F7-4668-BE54-9A1E7A4F7556}") = "beecrowd1015", "..\beecrowd1015\beecrowd1015.csproj", "{1F7C4A78-681A-47BC-AC2E-0DD33F178DCB}"
EndProject
Project("{9A19103F-16F7-4668-BE54-9A1E7A4F7556}") = "beecrowd1016", "..\beecrowd1016\beecrowd1016.csproj", "{DC3F3409-D56D-4DC9-B510-E633AD052EBF}"
EndProject
Project("{9A19103F-16F7-4668-BE54-9A1E7A4F7556}") = "beecrowd1017", "..\beecrowd1017\beecrowd1017.csproj", "{687A5DFF-1173-4200-A09A-A9790CFC08E0}"
EndProject
Project("{9A19103F-16F7-4668-BE54-9A1E7A4F7556}") = "beecrowd1018", "..\beecrowd1018\beecrowd1018.csproj", "{D7188562-DFC8-49D0-B049-F712F2EB9037}"
EndProject
Project("{9A19103F-16F7-4668-BE54-9A1E7A4F7556}") = "beecrowd1019", "..\ConsoleApp1\beecrowd1019.csproj", "{BF1B1A81-6005-47D2-AC92-100A76C2D424}"
EndProject
Project("{9A19103F-16F7-4668-BE54-9A1E7A4F7556}") = "beecrowd1020", "..\beecrowd1020\beecrowd1020.csproj", "{C874859B-B7CE-4E96-8656-689E1EB297C6}"
EndProject
Project("{9A19103F-16F7-4668-BE54-9A1E7A4F7556}") = "beecrowd1021", "..\beecrowd1021\beecrowd1021.csproj", "{C1B28475-9E74-4AA3-BA25-4CBBCD50822D}"
EndProject
Project("{9A19103F-16F7-4668-BE54-9A1E7A4F7556}") = "beecrowd1035", "..\beecrowd1035\beecrowd1035.csproj", "{EA442429-E658-457A-81BC-2F5F9032F43F}"
EndProject
Project("{9A19103F-16F7-4668-BE54-9A1E7A4F7556}") = "beecrowd1036", "..\beecrowd1036\beecrowd1036.csproj", "{EDD3F424-06DE-4C1C-9716-261497A229F5}"
EndProject
Project("{9A19103F-16F7-4668-BE54-9A1E7A4F7556}") = "beecrowd1037", "..\beecrowd1037\beecrowd1037.csproj", "{2423B1FD-65E0-4737-9A61-0835525E0AFF}"
EndProject
Project("{9A19103F-16F7-4668-BE54-9A1E7A4F7556}") = "beecrowd1038", "..\beecrowd1038\beecrowd1038.csproj", "{6C786C3F-7E15-4C5B-99C9-5DD3C1763AF2}"
EndProject
Project("{9A19103F-16F7-4668-BE54-9A1E7A4F7556}") = "beecrowd1044", "..\beecrowd1044\beecrowd1044.csproj", "{A658418C-0531-4378-AB49-7F3DDA70788C}"
EndProject
Project("{9A19103F-16F7-4668-BE54-9A1E7A4F7556}") = "beecrowd1046", "..\beecrowd1046\beecrowd1046.csproj", "{DE00AF2D-9F71-43B0-9F1D-DF3FA7AA7DF1}"
EndProject
Project("{9A19103F-16F7-4668-BE54-9A1E7A4F7556}") = "beecrowd1048", "..\beecrowd1048\beecrowd1048.csproj", "{3D94A93F-6F08-41BF-94C7-10CC4409539C}"
EndProject
Project("{9A19103F-16F7-4668-BE54-9A1E7A4F7556}") = "beecrowd1040", "..\beecrowd1040\beecrowd1040.csproj", "{6E67FAF0-BA3B-4267-93CA-0A33AFFD33D1}"
EndProject
Project("{9A19103F-16F7-4668-BE54-9A1E7A4F7556}") = "beecrowd1041", "..\beecrowd1041\beecrowd1041.csproj", "{B3874E4A-E1D7-4ABE-899C-AED1BA8DFE3F}"
EndProject
Project("{9A19103F-16F7-4668-BE54-9A1E7A4F7556}") = "beecrowd1045", "..\beecrowd1045\beecrowd1045.csproj", "{9C526473-EB84-4586-B809-AF41D03C5A16}"
EndProject
Project("{9A19103F-16F7-4668-BE54-9A1E7A4F7556}") = "beecrowd1049", "..\beecrowd1049\beecrowd1049.csproj", "{D0331BF3-DC6A-41EC-A682-A115965FEC41}"
EndProject
Project("{9A19103F-16F7-4668-BE54-9A1E7A4F7556}") = "beecrowd1051", "..\beecrowd1051\beecrowd1051.csproj", "{9E1ACB1E-1C69-4924-B6E9-2F3F8612BFEA}"
EndProject
Project("{9A19103F-16F7-4668-BE54-9A1E7A4F7556}") = "beecrowd1113", "..\beecrowd1113\beecrowd1113.csproj", "{73DA8F18-27E6-4E5D-A48F-B6D8709C9AFE}"
EndProject
Project("{9A19103F-16F7-4668-BE54-9A1E7A4F7556}") = "beecrowd1114", "..\beecrowd1114\beecrowd1114.csproj", "{3C56BE46-B016-4B87-8BAA-02A18B246BBB}"
EndProject
Project("{9A19103F-16F7-4668-BE54-9A1E7A4F7556}") = "beecrowd1115", "..\beecrowd1115\beecrowd1115.csproj", "{1B2FE531-E23F-49A4-8BFC-CE50491897B9}"
EndProject
Project("{9A19103F-16F7-4668-BE54-9A1E7A4F7556}") = "beecrowd1117", "..\beecrowd1117\beecrowd1117.csproj", "{5B3AE84D-4708-4AF9-B02C-BA3F73AB0980}"
EndProject
Project("{9A19103F-16F7-4668-BE54-9A1E7A4F7556}") = "beecrowd1134", "..\beecrowd1134\beecrowd1134.csproj", "{6FF2A947-3D9F-447B-A59B-A799845E42F0}"
EndProject
Project("{9A19103F-16F7-4668-BE54-9A1E7A4F7556}") = "beecrowd1154", "..\beecrowd1154\beecrowd1154.csproj", "{7B5610D8-606C-4647-8572-138DD50BD5B5}"
EndProject
Project("{9A19103F-16F7-4668-BE54-9A1E7A4F7556}") = "beecrowd1159", "..\beecrowd1159\beecrowd1159.csproj", "{FEC80A6B-46F9-40C6-B884-EF5D08C9DC6E}"
EndProject
Project("{9A19103F-16F7-4668-BE54-9A1E7A4F7556}") = "beecrowd1078", "..\beecrowd1078\beecrowd1078.csproj", "{636270BE-2FD5-49E0-A919-D54EA2897FB5}"
EndProject
Project("{9A19103F-16F7-4668-BE54-9A1E7A4F7556}") = "beecrowd1071", "..\beecrowd1071\beecrowd1071.csproj", "{CA33C14F-C583-4DFC-8F9F-27FAB63BC2F2}"
EndProject
Project("{9A19103F-16F7-4668-BE54-9A1E7A4F7556}") = "beecrowd1067", "..\beecrowd1067\beecrowd1067.csproj", "{21DF13DD-BF08-4BDA-BBA9-5E42F5BCAC70}"
EndProject
Project("{9A19103F-16F7-4668-BE54-9A1E7A4F7556}") = "beecrowd1072", "..\beecrowd1072\beecrowd1072.csproj", "{35EA6238-8572-4FA5-AFFD-2AB8F755E6AC}"
EndProject
Project("{9A19103F-16F7-4668-BE54-9A1E7A4F7556}") = "beecrowd1073", "..\beecrowd1073\beecrowd1073.csproj", "{BCAFF09C-29C2-49A4-AF63-95DAF79B7EC7}"
EndProject
Project("{9A19103F-16F7-4668-BE54-9A1E7A4F7556}") = "beecrowd1074", "..\beecrowd1074\beecrowd1074.csproj", "{A736E269-299A-4178-97BC-A4ECE7322302}"
EndProject
Project("{9A19103F-16F7-4668-BE54-9A1E7A4F7556}") = "beecrowd1075", "..\beecrowd1075\beecrowd1075.csproj", "{9C929C2D-39F7-48A4-91B2-D639D56BAC9D}"
EndProject
Project("{9A19103F-16F7-4668-BE54-9A1E7A4F7556}") = "beecrowd1079", "..\beecrowd1079\beecrowd1079.csproj", "{3A08A9D9-555A-4D3A-B6F1-187883AAF47D}"
EndProject
Project("{9A19103F-16F7-4668-BE54-9A1E7A4F7556}") = "beecrowd1080", "..\beecrowd1080\beecrowd1080.csproj", "{38A2C927-E6E0-41E1-91AA-41E8903410D4}"
EndProject
Project("{9A19103F-16F7-4668-BE54-9A1E7A4F7556}") = "beecrowd1094", "..\beecrowd1094\beecrowd1094.csproj", "{19C14E98-15B7-458F-AE26-B0878A04122F}"
EndProject
Project("{9A19103F-16F7-4668-BE54-9A1E7A4F7556}") = "beecrowd1096", "..\beecrowd1096\beecrowd1096.csproj", "{2FD1D031-F00F-4D10-8660-9B9BC816DB6F}"
EndProject
Project("{9A19103F-16F7-4668-BE54-9A1E7A4F7556}") = "beecrowd1097", "..\beecrowd1097\beecrowd1097.csproj", "{B15329EC-7DF8-4C95-93DB-D271629278E9}"
EndProject
Project("{9A19103F-16F7-4668-BE54-9A1E7A4F7556}") = "beecrowd1116", "..\beecrowd1116\beecrowd1116.csproj", "{17C7F716-33B6-49A0-B4CE-D0C4849FB040}"
EndProject
Project("{9A19103F-16F7-4668-BE54-9A1E7A4F7556}") = "beecrowd1132", "..\beecrowd1132\beecrowd1132.csproj", "{3FCFDACE-2880-4D5D-8494-4A4DA11F86D7}"
EndProject
Project("{9A19103F-16F7-4668-BE54-9A1E7A4F7556}") = "beecrowd1133", "..\beecrowd1133\beecrowd1133.csproj", "{CCAE4C86-E298-4810-BFAB-EE360C55E290}"
EndProject
Project("{9A19103F-16F7-4668-BE54-9A1E7A4F7556}") = "beecrowd1142", "..\beecrowd1142\beecrowd1142.csproj", "{FD531265-3E8B-4ECB-AD13-2AB7A4EF2DD1}"
EndProject
Project("{9A19103F-16F7-4668-BE54-9A1E7A4F7556}") = "beecrowd1143", "..\beecrowd1143\beecrowd1143.csproj", "{692F9F0A-3AD9-4608-BDEB-E8DBB6F8DE8C}"
EndProject
Project("{9A19103F-16F7-4668-BE54-9A1E7A4F7556}") = "beecrowd1144", "..\beecrowd1144\beecrowd1144.csproj", "{66F2F2EF-5371-421E-81CE-0C598C5FF62E}"
EndProject
Project("{9A19103F-16F7-4668-BE54-9A1E7A4F7556}") = "beecrowd1151", "..\beecrowd1151\beecrowd1151.csproj", "{585908B4-E3E3-4D6A-BF5C-B45501EC248A}"
EndProject
Project("{9A19103F-16F7-4668-BE54-9A1E7A4F7556}") = "beecrowd1153", "..\beecrowd1153\beecrowd1153.csproj", "{896376B9-431E-41F4-9D83-7C69EBC449BD}"
EndProject
Project("{9A19103F-16F7-4668-BE54-9A1E7A4F7556}") = "beecrowd1155", "..\beecrowd1155\beecrowd1155.csproj", "{7ED3651B-A5EC-4817-9F29-EEDC42B6D97A}"
EndProject
Project("{9A19103F-16F7-4668-BE54-9A1E7A4F7556}") = "beecrowd1156", "..\beecrowd1156\beecrowd1156.csproj", "{BE149480-DFB5-4FFE-B4E3-C7E76ED78C4F}"
EndProject
Project("{9A19103F-16F7-4668-BE54-9A1E7A4F7556}") = "beecrowd1157", "..\beecrowd1157\beecrowd1157.csproj", "{4D44DBB3-C5D3-4154-9326-B57459ABD25F}"
EndProject
Project("{9A19103F-16F7-4668-BE54-9A1E7A4F7556}") = "beecrowd1099", "..\beecrowd1099\beecrowd1099.csproj", "{BF9C7622-3045-4CA3-8BA4-1F4044326E57}"
EndProject
Project("{9A19103F-16F7-4668-BE54-9A1E7A4F7556}") = "beecrowd1101", "..\beecrowd1101\beecrowd1101.csproj", "{BD6A2F80-2214-4705-B46B-001DF7F7EF12}"
EndProject
Project("{9A19103F-16F7-4668-BE54-9A1E7A4F7556}") = "beecrowd1145", "..\beecrowd1145\beecrowd1145.csproj", "{9FD84886-30B1-49E8-8C32-301C57E3FDDC}"
EndProject
Project("{9A19103F-16F7-4668-BE54-9A1E7A4F7556}") = "beecrowd1149", "..\beecrowd1149\beecrowd1149.csproj", "{1D090068-0A3B-4F32-9244-F7BAB70EE8FB}"
EndProject
Project("{9A19103F-16F7-4668-BE54-9A1E7A4F7556}") = "beecrowd1150", "..\beecrowd1150\beecrowd1150.csproj", "{5A7C6205-E598-4686-8082-705CBDAB68FB}"
EndProject
Project("{9A19103F-16F7-4668-BE54-9A1E7A4F7556}") = "beecrowd1158", "..\beecrowd1158\beecrowd1158.csproj", "{6EF9D641-7397-476B-AEF3-A7DB49FC0553}"
EndProject
Project("{9A19103F-16F7-4668-BE54-9A1E7A4F7556}") = "beecrowd1160", "..\beecrowd1160\beecrowd1160.csproj", "{7EC5FB13-196D-4AE4-B1D9-CDA29CECEDB4}"
EndProject
Project("{9A19103F-16F7-4668-BE54-9A1E7A4F7556}") = "vetores0001", "..\vetores0001\vetores0001.csproj", "{FD4E3574-7829-4B07-AA4E-CE9D899A7752}"
EndProject
Project("{9A19103F-16F7-4668-BE54-9A1E7A4F7556}") = "vetores0002", "..\vetores0002\vetores0002.csproj", "{510E66F5-FC01-4EDC-B8E7-D317E687EA2C}"
EndProject
Project("{9A19103F-16F7-4668-BE54-9A1E7A4F7556}") = "vetores0003", "..\vetores0003\vetores0003.csproj", "{92E23B89-03DF-4257-9E04-24E6AFF6E4AB}"
EndProject
Project("{FAE04EC0-301F-11D3-BF4B-00C04F79EFBC}") = "vetores0004", "..\vetores0004\vetores0004.csproj", "{56041722-77A8-4518-99BE-8D5A4FE1BAF6}"
EndProject
Project("{FAE04EC0-301F-11D3-BF4B-00C04F79EFBC}") = "vetores0005", "..\vetores0005\vetores0005.csproj", "{79205FA3-008F-4457-B928-584AECB3D1E4}"
EndProject
Global
	GlobalSection(SolutionConfigurationPlatforms) = preSolution
		Debug|Any CPU = Debug|Any CPU
		Release|Any CPU = Release|Any CPU
	EndGlobalSection
	GlobalSection(ProjectConfigurationPlatforms) = postSolution
		{C072736A-47E8-40F6-90BA-48EFF7863953}.Debug|Any CPU.ActiveCfg = Debug|Any CPU
		{C072736A-47E8-40F6-90BA-48EFF7863953}.Debug|Any CPU.Build.0 = Debug|Any CPU
		{C072736A-47E8-40F6-90BA-48EFF7863953}.Release|Any CPU.ActiveCfg = Release|Any CPU
		{C072736A-47E8-40F6-90BA-48EFF7863953}.Release|Any CPU.Build.0 = Release|Any CPU
		{0FA7996A-9DA1-420A-AFE5-7E28A729E0A6}.Debug|Any CPU.ActiveCfg = Debug|Any CPU
		{0FA7996A-9DA1-420A-AFE5-7E28A729E0A6}.Debug|Any CPU.Build.0 = Debug|Any CPU
		{0FA7996A-9DA1-420A-AFE5-7E28A729E0A6}.Release|Any CPU.ActiveCfg = Release|Any CPU
		{0FA7996A-9DA1-420A-AFE5-7E28A729E0A6}.Release|Any CPU.Build.0 = Release|Any CPU
		{3AB692B8-9CE8-4154-8B9A-312579AC17EA}.Debug|Any CPU.ActiveCfg = Debug|Any CPU
		{3AB692B8-9CE8-4154-8B9A-312579AC17EA}.Debug|Any CPU.Build.0 = Debug|Any CPU
		{3AB692B8-9CE8-4154-8B9A-312579AC17EA}.Release|Any CPU.ActiveCfg = Release|Any CPU
		{3AB692B8-9CE8-4154-8B9A-312579AC17EA}.Release|Any CPU.Build.0 = Release|Any CPU
		{620F752D-1DE5-48C8-845C-A9A8039F1828}.Debug|Any CPU.ActiveCfg = Debug|Any CPU
		{620F752D-1DE5-48C8-845C-A9A8039F1828}.Debug|Any CPU.Build.0 = Debug|Any CPU
		{620F752D-1DE5-48C8-845C-A9A8039F1828}.Release|Any CPU.ActiveCfg = Release|Any CPU
		{620F752D-1DE5-48C8-845C-A9A8039F1828}.Release|Any CPU.Build.0 = Release|Any CPU
		{1F7C4A78-681A-47BC-AC2E-0DD33F178DCB}.Debug|Any CPU.ActiveCfg = Debug|Any CPU
		{1F7C4A78-681A-47BC-AC2E-0DD33F178DCB}.Debug|Any CPU.Build.0 = Debug|Any CPU
		{1F7C4A78-681A-47BC-AC2E-0DD33F178DCB}.Release|Any CPU.ActiveCfg = Release|Any CPU
		{1F7C4A78-681A-47BC-AC2E-0DD33F178DCB}.Release|Any CPU.Build.0 = Release|Any CPU
		{DC3F3409-D56D-4DC9-B510-E633AD052EBF}.Debug|Any CPU.ActiveCfg = Debug|Any CPU
		{DC3F3409-D56D-4DC9-B510-E633AD052EBF}.Debug|Any CPU.Build.0 = Debug|Any CPU
		{DC3F3409-D56D-4DC9-B510-E633AD052EBF}.Release|Any CPU.ActiveCfg = Release|Any CPU
		{DC3F3409-D56D-4DC9-B510-E633AD052EBF}.Release|Any CPU.Build.0 = Release|Any CPU
		{687A5DFF-1173-4200-A09A-A9790CFC08E0}.Debug|Any CPU.ActiveCfg = Debug|Any CPU
		{687A5DFF-1173-4200-A09A-A9790CFC08E0}.Debug|Any CPU.Build.0 = Debug|Any CPU
		{687A5DFF-1173-4200-A09A-A9790CFC08E0}.Release|Any CPU.ActiveCfg = Release|Any CPU
		{687A5DFF-1173-4200-A09A-A9790CFC08E0}.Release|Any CPU.Build.0 = Release|Any CPU
		{D7188562-DFC8-49D0-B049-F712F2EB9037}.Debug|Any CPU.ActiveCfg = Debug|Any CPU
		{D7188562-DFC8-49D0-B049-F712F2EB9037}.Debug|Any CPU.Build.0 = Debug|Any CPU
		{D7188562-DFC8-49D0-B049-F712F2EB9037}.Release|Any CPU.ActiveCfg = Release|Any CPU
		{D7188562-DFC8-49D0-B049-F712F2EB9037}.Release|Any CPU.Build.0 = Release|Any CPU
		{BF1B1A81-6005-47D2-AC92-100A76C2D424}.Debug|Any CPU.ActiveCfg = Debug|Any CPU
		{BF1B1A81-6005-47D2-AC92-100A76C2D424}.Debug|Any CPU.Build.0 = Debug|Any CPU
		{BF1B1A81-6005-47D2-AC92-100A76C2D424}.Release|Any CPU.ActiveCfg = Release|Any CPU
		{BF1B1A81-6005-47D2-AC92-100A76C2D424}.Release|Any CPU.Build.0 = Release|Any CPU
		{C874859B-B7CE-4E96-8656-689E1EB297C6}.Debug|Any CPU.ActiveCfg = Debug|Any CPU
		{C874859B-B7CE-4E96-8656-689E1EB297C6}.Debug|Any CPU.Build.0 = Debug|Any CPU
		{C874859B-B7CE-4E96-8656-689E1EB297C6}.Release|Any CPU.ActiveCfg = Release|Any CPU
		{C874859B-B7CE-4E96-8656-689E1EB297C6}.Release|Any CPU.Build.0 = Release|Any CPU
		{C1B28475-9E74-4AA3-BA25-4CBBCD50822D}.Debug|Any CPU.ActiveCfg = Debug|Any CPU
		{C1B28475-9E74-4AA3-BA25-4CBBCD50822D}.Debug|Any CPU.Build.0 = Debug|Any CPU
		{C1B28475-9E74-4AA3-BA25-4CBBCD50822D}.Release|Any CPU.ActiveCfg = Release|Any CPU
		{C1B28475-9E74-4AA3-BA25-4CBBCD50822D}.Release|Any CPU.Build.0 = Release|Any CPU
		{EA442429-E658-457A-81BC-2F5F9032F43F}.Debug|Any CPU.ActiveCfg = Debug|Any CPU
		{EA442429-E658-457A-81BC-2F5F9032F43F}.Debug|Any CPU.Build.0 = Debug|Any CPU
		{EA442429-E658-457A-81BC-2F5F9032F43F}.Release|Any CPU.ActiveCfg = Release|Any CPU
		{EA442429-E658-457A-81BC-2F5F9032F43F}.Release|Any CPU.Build.0 = Release|Any CPU
		{EDD3F424-06DE-4C1C-9716-261497A229F5}.Debug|Any CPU.ActiveCfg = Debug|Any CPU
		{EDD3F424-06DE-4C1C-9716-261497A229F5}.Debug|Any CPU.Build.0 = Debug|Any CPU
		{EDD3F424-06DE-4C1C-9716-261497A229F5}.Release|Any CPU.ActiveCfg = Release|Any CPU
		{EDD3F424-06DE-4C1C-9716-261497A229F5}.Release|Any CPU.Build.0 = Release|Any CPU
		{2423B1FD-65E0-4737-9A61-0835525E0AFF}.Debug|Any CPU.ActiveCfg = Debug|Any CPU
		{2423B1FD-65E0-4737-9A61-0835525E0AFF}.Debug|Any CPU.Build.0 = Debug|Any CPU
		{2423B1FD-65E0-4737-9A61-0835525E0AFF}.Release|Any CPU.ActiveCfg = Release|Any CPU
		{2423B1FD-65E0-4737-9A61-0835525E0AFF}.Release|Any CPU.Build.0 = Release|Any CPU
		{6C786C3F-7E15-4C5B-99C9-5DD3C1763AF2}.Debug|Any CPU.ActiveCfg = Debug|Any CPU
		{6C786C3F-7E15-4C5B-99C9-5DD3C1763AF2}.Debug|Any CPU.Build.0 = Debug|Any CPU
		{6C786C3F-7E15-4C5B-99C9-5DD3C1763AF2}.Release|Any CPU.ActiveCfg = Release|Any CPU
		{6C786C3F-7E15-4C5B-99C9-5DD3C1763AF2}.Release|Any CPU.Build.0 = Release|Any CPU
		{A658418C-0531-4378-AB49-7F3DDA70788C}.Debug|Any CPU.ActiveCfg = Debug|Any CPU
		{A658418C-0531-4378-AB49-7F3DDA70788C}.Debug|Any CPU.Build.0 = Debug|Any CPU
		{A658418C-0531-4378-AB49-7F3DDA70788C}.Release|Any CPU.ActiveCfg = Release|Any CPU
		{A658418C-0531-4378-AB49-7F3DDA70788C}.Release|Any CPU.Build.0 = Release|Any CPU
		{DE00AF2D-9F71-43B0-9F1D-DF3FA7AA7DF1}.Debug|Any CPU.ActiveCfg = Debug|Any CPU
		{DE00AF2D-9F71-43B0-9F1D-DF3FA7AA7DF1}.Debug|Any CPU.Build.0 = Debug|Any CPU
		{DE00AF2D-9F71-43B0-9F1D-DF3FA7AA7DF1}.Release|Any CPU.ActiveCfg = Release|Any CPU
		{DE00AF2D-9F71-43B0-9F1D-DF3FA7AA7DF1}.Release|Any CPU.Build.0 = Release|Any CPU
		{3D94A93F-6F08-41BF-94C7-10CC4409539C}.Debug|Any CPU.ActiveCfg = Debug|Any CPU
		{3D94A93F-6F08-41BF-94C7-10CC4409539C}.Debug|Any CPU.Build.0 = Debug|Any CPU
		{3D94A93F-6F08-41BF-94C7-10CC4409539C}.Release|Any CPU.ActiveCfg = Release|Any CPU
		{3D94A93F-6F08-41BF-94C7-10CC4409539C}.Release|Any CPU.Build.0 = Release|Any CPU
		{6E67FAF0-BA3B-4267-93CA-0A33AFFD33D1}.Debug|Any CPU.ActiveCfg = Debug|Any CPU
		{6E67FAF0-BA3B-4267-93CA-0A33AFFD33D1}.Debug|Any CPU.Build.0 = Debug|Any CPU
		{6E67FAF0-BA3B-4267-93CA-0A33AFFD33D1}.Release|Any CPU.ActiveCfg = Release|Any CPU
		{6E67FAF0-BA3B-4267-93CA-0A33AFFD33D1}.Release|Any CPU.Build.0 = Release|Any CPU
		{B3874E4A-E1D7-4ABE-899C-AED1BA8DFE3F}.Debug|Any CPU.ActiveCfg = Debug|Any CPU
		{B3874E4A-E1D7-4ABE-899C-AED1BA8DFE3F}.Debug|Any CPU.Build.0 = Debug|Any CPU
		{B3874E4A-E1D7-4ABE-899C-AED1BA8DFE3F}.Release|Any CPU.ActiveCfg = Release|Any CPU
		{B3874E4A-E1D7-4ABE-899C-AED1BA8DFE3F}.Release|Any CPU.Build.0 = Release|Any CPU
		{9C526473-EB84-4586-B809-AF41D03C5A16}.Debug|Any CPU.ActiveCfg = Debug|Any CPU
		{9C526473-EB84-4586-B809-AF41D03C5A16}.Debug|Any CPU.Build.0 = Debug|Any CPU
		{9C526473-EB84-4586-B809-AF41D03C5A16}.Release|Any CPU.ActiveCfg = Release|Any CPU
		{9C526473-EB84-4586-B809-AF41D03C5A16}.Release|Any CPU.Build.0 = Release|Any CPU
		{D0331BF3-DC6A-41EC-A682-A115965FEC41}.Debug|Any CPU.ActiveCfg = Debug|Any CPU
		{D0331BF3-DC6A-41EC-A682-A115965FEC41}.Debug|Any CPU.Build.0 = Debug|Any CPU
		{D0331BF3-DC6A-41EC-A682-A115965FEC41}.Release|Any CPU.ActiveCfg = Release|Any CPU
		{D0331BF3-DC6A-41EC-A682-A115965FEC41}.Release|Any CPU.Build.0 = Release|Any CPU
		{9E1ACB1E-1C69-4924-B6E9-2F3F8612BFEA}.Debug|Any CPU.ActiveCfg = Debug|Any CPU
		{9E1ACB1E-1C69-4924-B6E9-2F3F8612BFEA}.Debug|Any CPU.Build.0 = Debug|Any CPU
		{9E1ACB1E-1C69-4924-B6E9-2F3F8612BFEA}.Release|Any CPU.ActiveCfg = Release|Any CPU
		{9E1ACB1E-1C69-4924-B6E9-2F3F8612BFEA}.Release|Any CPU.Build.0 = Release|Any CPU
		{73DA8F18-27E6-4E5D-A48F-B6D8709C9AFE}.Debug|Any CPU.ActiveCfg = Debug|Any CPU
		{73DA8F18-27E6-4E5D-A48F-B6D8709C9AFE}.Debug|Any CPU.Build.0 = Debug|Any CPU
		{73DA8F18-27E6-4E5D-A48F-B6D8709C9AFE}.Release|Any CPU.ActiveCfg = Release|Any CPU
		{73DA8F18-27E6-4E5D-A48F-B6D8709C9AFE}.Release|Any CPU.Build.0 = Release|Any CPU
		{3C56BE46-B016-4B87-8BAA-02A18B246BBB}.Debug|Any CPU.ActiveCfg = Debug|Any CPU
		{3C56BE46-B016-4B87-8BAA-02A18B246BBB}.Debug|Any CPU.Build.0 = Debug|Any CPU
		{3C56BE46-B016-4B87-8BAA-02A18B246BBB}.Release|Any CPU.ActiveCfg = Release|Any CPU
		{3C56BE46-B016-4B87-8BAA-02A18B246BBB}.Release|Any CPU.Build.0 = Release|Any CPU
		{1B2FE531-E23F-49A4-8BFC-CE50491897B9}.Debug|Any CPU.ActiveCfg = Debug|Any CPU
		{1B2FE531-E23F-49A4-8BFC-CE50491897B9}.Debug|Any CPU.Build.0 = Debug|Any CPU
		{1B2FE531-E23F-49A4-8BFC-CE50491897B9}.Release|Any CPU.ActiveCfg = Release|Any CPU
		{1B2FE531-E23F-49A4-8BFC-CE50491897B9}.Release|Any CPU.Build.0 = Release|Any CPU
		{5B3AE84D-4708-4AF9-B02C-BA3F73AB0980}.Debug|Any CPU.ActiveCfg = Debug|Any CPU
		{5B3AE84D-4708-4AF9-B02C-BA3F73AB0980}.Debug|Any CPU.Build.0 = Debug|Any CPU
		{5B3AE84D-4708-4AF9-B02C-BA3F73AB0980}.Release|Any CPU.ActiveCfg = Release|Any CPU
		{5B3AE84D-4708-4AF9-B02C-BA3F73AB0980}.Release|Any CPU.Build.0 = Release|Any CPU
		{6FF2A947-3D9F-447B-A59B-A799845E42F0}.Debug|Any CPU.ActiveCfg = Debug|Any CPU
		{6FF2A947-3D9F-447B-A59B-A799845E42F0}.Debug|Any CPU.Build.0 = Debug|Any CPU
		{6FF2A947-3D9F-447B-A59B-A799845E42F0}.Release|Any CPU.ActiveCfg = Release|Any CPU
		{6FF2A947-3D9F-447B-A59B-A799845E42F0}.Release|Any CPU.Build.0 = Release|Any CPU
		{7B5610D8-606C-4647-8572-138DD50BD5B5}.Debug|Any CPU.ActiveCfg = Debug|Any CPU
		{7B5610D8-606C-4647-8572-138DD50BD5B5}.Debug|Any CPU.Build.0 = Debug|Any CPU
		{7B5610D8-606C-4647-8572-138DD50BD5B5}.Release|Any CPU.ActiveCfg = Release|Any CPU
		{7B5610D8-606C-4647-8572-138DD50BD5B5}.Release|Any CPU.Build.0 = Release|Any CPU
		{FEC80A6B-46F9-40C6-B884-EF5D08C9DC6E}.Debug|Any CPU.ActiveCfg = Debug|Any CPU
		{FEC80A6B-46F9-40C6-B884-EF5D08C9DC6E}.Debug|Any CPU.Build.0 = Debug|Any CPU
		{FEC80A6B-46F9-40C6-B884-EF5D08C9DC6E}.Release|Any CPU.ActiveCfg = Release|Any CPU
		{FEC80A6B-46F9-40C6-B884-EF5D08C9DC6E}.Release|Any CPU.Build.0 = Release|Any CPU
		{636270BE-2FD5-49E0-A919-D54EA2897FB5}.Debug|Any CPU.ActiveCfg = Debug|Any CPU
		{636270BE-2FD5-49E0-A919-D54EA2897FB5}.Debug|Any CPU.Build.0 = Debug|Any CPU
		{636270BE-2FD5-49E0-A919-D54EA2897FB5}.Release|Any CPU.ActiveCfg = Release|Any CPU
		{636270BE-2FD5-49E0-A919-D54EA2897FB5}.Release|Any CPU.Build.0 = Release|Any CPU
		{CA33C14F-C583-4DFC-8F9F-27FAB63BC2F2}.Debug|Any CPU.ActiveCfg = Debug|Any CPU
		{CA33C14F-C583-4DFC-8F9F-27FAB63BC2F2}.Debug|Any CPU.Build.0 = Debug|Any CPU
		{CA33C14F-C583-4DFC-8F9F-27FAB63BC2F2}.Release|Any CPU.ActiveCfg = Release|Any CPU
		{CA33C14F-C583-4DFC-8F9F-27FAB63BC2F2}.Release|Any CPU.Build.0 = Release|Any CPU
		{21DF13DD-BF08-4BDA-BBA9-5E42F5BCAC70}.Debug|Any CPU.ActiveCfg = Debug|Any CPU
		{21DF13DD-BF08-4BDA-BBA9-5E42F5BCAC70}.Debug|Any CPU.Build.0 = Debug|Any CPU
		{21DF13DD-BF08-4BDA-BBA9-5E42F5BCAC70}.Release|Any CPU.ActiveCfg = Release|Any CPU
		{21DF13DD-BF08-4BDA-BBA9-5E42F5BCAC70}.Release|Any CPU.Build.0 = Release|Any CPU
		{35EA6238-8572-4FA5-AFFD-2AB8F755E6AC}.Debug|Any CPU.ActiveCfg = Debug|Any CPU
		{35EA6238-8572-4FA5-AFFD-2AB8F755E6AC}.Debug|Any CPU.Build.0 = Debug|Any CPU
		{35EA6238-8572-4FA5-AFFD-2AB8F755E6AC}.Release|Any CPU.ActiveCfg = Release|Any CPU
		{35EA6238-8572-4FA5-AFFD-2AB8F755E6AC}.Release|Any CPU.Build.0 = Release|Any CPU
		{BCAFF09C-29C2-49A4-AF63-95DAF79B7EC7}.Debug|Any CPU.ActiveCfg = Debug|Any CPU
		{BCAFF09C-29C2-49A4-AF63-95DAF79B7EC7}.Debug|Any CPU.Build.0 = Debug|Any CPU
		{BCAFF09C-29C2-49A4-AF63-95DAF79B7EC7}.Release|Any CPU.ActiveCfg = Release|Any CPU
		{BCAFF09C-29C2-49A4-AF63-95DAF79B7EC7}.Release|Any CPU.Build.0 = Release|Any CPU
		{A736E269-299A-4178-97BC-A4ECE7322302}.Debug|Any CPU.ActiveCfg = Debug|Any CPU
		{A736E269-299A-4178-97BC-A4ECE7322302}.Debug|Any CPU.Build.0 = Debug|Any CPU
		{A736E269-299A-4178-97BC-A4ECE7322302}.Release|Any CPU.ActiveCfg = Release|Any CPU
		{A736E269-299A-4178-97BC-A4ECE7322302}.Release|Any CPU.Build.0 = Release|Any CPU
		{9C929C2D-39F7-48A4-91B2-D639D56BAC9D}.Debug|Any CPU.ActiveCfg = Debug|Any CPU
		{9C929C2D-39F7-48A4-91B2-D639D56BAC9D}.Debug|Any CPU.Build.0 = Debug|Any CPU
		{9C929C2D-39F7-48A4-91B2-D639D56BAC9D}.Release|Any CPU.ActiveCfg = Release|Any CPU
		{9C929C2D-39F7-48A4-91B2-D639D56BAC9D}.Release|Any CPU.Build.0 = Release|Any CPU
		{3A08A9D9-555A-4D3A-B6F1-187883AAF47D}.Debug|Any CPU.ActiveCfg = Debug|Any CPU
		{3A08A9D9-555A-4D3A-B6F1-187883AAF47D}.Debug|Any CPU.Build.0 = Debug|Any CPU
		{3A08A9D9-555A-4D3A-B6F1-187883AAF47D}.Release|Any CPU.ActiveCfg = Release|Any CPU
		{3A08A9D9-555A-4D3A-B6F1-187883AAF47D}.Release|Any CPU.Build.0 = Release|Any CPU
		{38A2C927-E6E0-41E1-91AA-41E8903410D4}.Debug|Any CPU.ActiveCfg = Debug|Any CPU
		{38A2C927-E6E0-41E1-91AA-41E8903410D4}.Debug|Any CPU.Build.0 = Debug|Any CPU
		{38A2C927-E6E0-41E1-91AA-41E8903410D4}.Release|Any CPU.ActiveCfg = Release|Any CPU
		{38A2C927-E6E0-41E1-91AA-41E8903410D4}.Release|Any CPU.Build.0 = Release|Any CPU
		{19C14E98-15B7-458F-AE26-B0878A04122F}.Debug|Any CPU.ActiveCfg = Debug|Any CPU
		{19C14E98-15B7-458F-AE26-B0878A04122F}.Debug|Any CPU.Build.0 = Debug|Any CPU
		{19C14E98-15B7-458F-AE26-B0878A04122F}.Release|Any CPU.ActiveCfg = Release|Any CPU
		{19C14E98-15B7-458F-AE26-B0878A04122F}.Release|Any CPU.Build.0 = Release|Any CPU
		{2FD1D031-F00F-4D10-8660-9B9BC816DB6F}.Debug|Any CPU.ActiveCfg = Debug|Any CPU
		{2FD1D031-F00F-4D10-8660-9B9BC816DB6F}.Debug|Any CPU.Build.0 = Debug|Any CPU
		{2FD1D031-F00F-4D10-8660-9B9BC816DB6F}.Release|Any CPU.ActiveCfg = Release|Any CPU
		{2FD1D031-F00F-4D10-8660-9B9BC816DB6F}.Release|Any CPU.Build.0 = Release|Any CPU
		{B15329EC-7DF8-4C95-93DB-D271629278E9}.Debug|Any CPU.ActiveCfg = Debug|Any CPU
		{B15329EC-7DF8-4C95-93DB-D271629278E9}.Debug|Any CPU.Build.0 = Debug|Any CPU
		{B15329EC-7DF8-4C95-93DB-D271629278E9}.Release|Any CPU.ActiveCfg = Release|Any CPU
		{B15329EC-7DF8-4C95-93DB-D271629278E9}.Release|Any CPU.Build.0 = Release|Any CPU
		{17C7F716-33B6-49A0-B4CE-D0C4849FB040}.Debug|Any CPU.ActiveCfg = Debug|Any CPU
		{17C7F716-33B6-49A0-B4CE-D0C4849FB040}.Debug|Any CPU.Build.0 = Debug|Any CPU
		{17C7F716-33B6-49A0-B4CE-D0C4849FB040}.Release|Any CPU.ActiveCfg = Release|Any CPU
		{17C7F716-33B6-49A0-B4CE-D0C4849FB040}.Release|Any CPU.Build.0 = Release|Any CPU
		{3FCFDACE-2880-4D5D-8494-4A4DA11F86D7}.Debug|Any CPU.ActiveCfg = Debug|Any CPU
		{3FCFDACE-2880-4D5D-8494-4A4DA11F86D7}.Debug|Any CPU.Build.0 = Debug|Any CPU
		{3FCFDACE-2880-4D5D-8494-4A4DA11F86D7}.Release|Any CPU.ActiveCfg = Release|Any CPU
		{3FCFDACE-2880-4D5D-8494-4A4DA11F86D7}.Release|Any CPU.Build.0 = Release|Any CPU
		{CCAE4C86-E298-4810-BFAB-EE360C55E290}.Debug|Any CPU.ActiveCfg = Debug|Any CPU
		{CCAE4C86-E298-4810-BFAB-EE360C55E290}.Debug|Any CPU.Build.0 = Debug|Any CPU
		{CCAE4C86-E298-4810-BFAB-EE360C55E290}.Release|Any CPU.ActiveCfg = Release|Any CPU
		{CCAE4C86-E298-4810-BFAB-EE360C55E290}.Release|Any CPU.Build.0 = Release|Any CPU
		{FD531265-3E8B-4ECB-AD13-2AB7A4EF2DD1}.Debug|Any CPU.ActiveCfg = Debug|Any CPU
		{FD531265-3E8B-4ECB-AD13-2AB7A4EF2DD1}.Debug|Any CPU.Build.0 = Debug|Any CPU
		{FD531265-3E8B-4ECB-AD13-2AB7A4EF2DD1}.Release|Any CPU.ActiveCfg = Release|Any CPU
		{FD531265-3E8B-4ECB-AD13-2AB7A4EF2DD1}.Release|Any CPU.Build.0 = Release|Any CPU
		{692F9F0A-3AD9-4608-BDEB-E8DBB6F8DE8C}.Debug|Any CPU.ActiveCfg = Debug|Any CPU
		{692F9F0A-3AD9-4608-BDEB-E8DBB6F8DE8C}.Debug|Any CPU.Build.0 = Debug|Any CPU
		{692F9F0A-3AD9-4608-BDEB-E8DBB6F8DE8C}.Release|Any CPU.ActiveCfg = Release|Any CPU
		{692F9F0A-3AD9-4608-BDEB-E8DBB6F8DE8C}.Release|Any CPU.Build.0 = Release|Any CPU
		{66F2F2EF-5371-421E-81CE-0C598C5FF62E}.Debug|Any CPU.ActiveCfg = Debug|Any CPU
		{66F2F2EF-5371-421E-81CE-0C598C5FF62E}.Debug|Any CPU.Build.0 = Debug|Any CPU
		{66F2F2EF-5371-421E-81CE-0C598C5FF62E}.Release|Any CPU.ActiveCfg = Release|Any CPU
		{66F2F2EF-5371-421E-81CE-0C598C5FF62E}.Release|Any CPU.Build.0 = Release|Any CPU
		{585908B4-E3E3-4D6A-BF5C-B45501EC248A}.Debug|Any CPU.ActiveCfg = Debug|Any CPU
		{585908B4-E3E3-4D6A-BF5C-B45501EC248A}.Debug|Any CPU.Build.0 = Debug|Any CPU
		{585908B4-E3E3-4D6A-BF5C-B45501EC248A}.Release|Any CPU.ActiveCfg = Release|Any CPU
		{585908B4-E3E3-4D6A-BF5C-B45501EC248A}.Release|Any CPU.Build.0 = Release|Any CPU
		{896376B9-431E-41F4-9D83-7C69EBC449BD}.Debug|Any CPU.ActiveCfg = Debug|Any CPU
		{896376B9-431E-41F4-9D83-7C69EBC449BD}.Debug|Any CPU.Build.0 = Debug|Any CPU
		{896376B9-431E-41F4-9D83-7C69EBC449BD}.Release|Any CPU.ActiveCfg = Release|Any CPU
		{896376B9-431E-41F4-9D83-7C69EBC449BD}.Release|Any CPU.Build.0 = Release|Any CPU
		{7ED3651B-A5EC-4817-9F29-EEDC42B6D97A}.Debug|Any CPU.ActiveCfg = Debug|Any CPU
		{7ED3651B-A5EC-4817-9F29-EEDC42B6D97A}.Debug|Any CPU.Build.0 = Debug|Any CPU
		{7ED3651B-A5EC-4817-9F29-EEDC42B6D97A}.Release|Any CPU.ActiveCfg = Release|Any CPU
		{7ED3651B-A5EC-4817-9F29-EEDC42B6D97A}.Release|Any CPU.Build.0 = Release|Any CPU
		{BE149480-DFB5-4FFE-B4E3-C7E76ED78C4F}.Debug|Any CPU.ActiveCfg = Debug|Any CPU
		{BE149480-DFB5-4FFE-B4E3-C7E76ED78C4F}.Debug|Any CPU.Build.0 = Debug|Any CPU
		{BE149480-DFB5-4FFE-B4E3-C7E76ED78C4F}.Release|Any CPU.ActiveCfg = Release|Any CPU
		{BE149480-DFB5-4FFE-B4E3-C7E76ED78C4F}.Release|Any CPU.Build.0 = Release|Any CPU
		{4D44DBB3-C5D3-4154-9326-B57459ABD25F}.Debug|Any CPU.ActiveCfg = Debug|Any CPU
		{4D44DBB3-C5D3-4154-9326-B57459ABD25F}.Debug|Any CPU.Build.0 = Debug|Any CPU
		{4D44DBB3-C5D3-4154-9326-B57459ABD25F}.Release|Any CPU.ActiveCfg = Release|Any CPU
		{4D44DBB3-C5D3-4154-9326-B57459ABD25F}.Release|Any CPU.Build.0 = Release|Any CPU
		{BF9C7622-3045-4CA3-8BA4-1F4044326E57}.Debug|Any CPU.ActiveCfg = Debug|Any CPU
		{BF9C7622-3045-4CA3-8BA4-1F4044326E57}.Debug|Any CPU.Build.0 = Debug|Any CPU
		{BF9C7622-3045-4CA3-8BA4-1F4044326E57}.Release|Any CPU.ActiveCfg = Release|Any CPU
		{BF9C7622-3045-4CA3-8BA4-1F4044326E57}.Release|Any CPU.Build.0 = Release|Any CPU
		{BD6A2F80-2214-4705-B46B-001DF7F7EF12}.Debug|Any CPU.ActiveCfg = Debug|Any CPU
		{BD6A2F80-2214-4705-B46B-001DF7F7EF12}.Debug|Any CPU.Build.0 = Debug|Any CPU
		{BD6A2F80-2214-4705-B46B-001DF7F7EF12}.Release|Any CPU.ActiveCfg = Release|Any CPU
		{BD6A2F80-2214-4705-B46B-001DF7F7EF12}.Release|Any CPU.Build.0 = Release|Any CPU
		{9FD84886-30B1-49E8-8C32-301C57E3FDDC}.Debug|Any CPU.ActiveCfg = Debug|Any CPU
		{9FD84886-30B1-49E8-8C32-301C57E3FDDC}.Debug|Any CPU.Build.0 = Debug|Any CPU
		{9FD84886-30B1-49E8-8C32-301C57E3FDDC}.Release|Any CPU.ActiveCfg = Release|Any CPU
		{9FD84886-30B1-49E8-8C32-301C57E3FDDC}.Release|Any CPU.Build.0 = Release|Any CPU
		{1D090068-0A3B-4F32-9244-F7BAB70EE8FB}.Debug|Any CPU.ActiveCfg = Debug|Any CPU
		{1D090068-0A3B-4F32-9244-F7BAB70EE8FB}.Debug|Any CPU.Build.0 = Debug|Any CPU
		{1D090068-0A3B-4F32-9244-F7BAB70EE8FB}.Release|Any CPU.ActiveCfg = Release|Any CPU
		{1D090068-0A3B-4F32-9244-F7BAB70EE8FB}.Release|Any CPU.Build.0 = Release|Any CPU
		{5A7C6205-E598-4686-8082-705CBDAB68FB}.Debug|Any CPU.ActiveCfg = Debug|Any CPU
		{5A7C6205-E598-4686-8082-705CBDAB68FB}.Debug|Any CPU.Build.0 = Debug|Any CPU
		{5A7C6205-E598-4686-8082-705CBDAB68FB}.Release|Any CPU.ActiveCfg = Release|Any CPU
		{5A7C6205-E598-4686-8082-705CBDAB68FB}.Release|Any CPU.Build.0 = Release|Any CPU
		{6EF9D641-7397-476B-AEF3-A7DB49FC0553}.Debug|Any CPU.ActiveCfg = Debug|Any CPU
		{6EF9D641-7397-476B-AEF3-A7DB49FC0553}.Debug|Any CPU.Build.0 = Debug|Any CPU
		{6EF9D641-7397-476B-AEF3-A7DB49FC0553}.Release|Any CPU.ActiveCfg = Release|Any CPU
		{6EF9D641-7397-476B-AEF3-A7DB49FC0553}.Release|Any CPU.Build.0 = Release|Any CPU
		{7EC5FB13-196D-4AE4-B1D9-CDA29CECEDB4}.Debug|Any CPU.ActiveCfg = Debug|Any CPU
		{7EC5FB13-196D-4AE4-B1D9-CDA29CECEDB4}.Debug|Any CPU.Build.0 = Debug|Any CPU
		{7EC5FB13-196D-4AE4-B1D9-CDA29CECEDB4}.Release|Any CPU.ActiveCfg = Release|Any CPU
		{7EC5FB13-196D-4AE4-B1D9-CDA29CECEDB4}.Release|Any CPU.Build.0 = Release|Any CPU
		{FD4E3574-7829-4B07-AA4E-CE9D899A7752}.Debug|Any CPU.ActiveCfg = Debug|Any CPU
		{FD4E3574-7829-4B07-AA4E-CE9D899A7752}.Debug|Any CPU.Build.0 = Debug|Any CPU
		{FD4E3574-7829-4B07-AA4E-CE9D899A7752}.Release|Any CPU.ActiveCfg = Release|Any CPU
		{FD4E3574-7829-4B07-AA4E-CE9D899A7752}.Release|Any CPU.Build.0 = Release|Any CPU
		{510E66F5-FC01-4EDC-B8E7-D317E687EA2C}.Debug|Any CPU.ActiveCfg = Debug|Any CPU
		{510E66F5-FC01-4EDC-B8E7-D317E687EA2C}.Debug|Any CPU.Build.0 = Debug|Any CPU
		{510E66F5-FC01-4EDC-B8E7-D317E687EA2C}.Release|Any CPU.ActiveCfg = Release|Any CPU
		{510E66F5-FC01-4EDC-B8E7-D317E687EA2C}.Release|Any CPU.Build.0 = Release|Any CPU
		{92E23B89-03DF-4257-9E04-24E6AFF6E4AB}.Debug|Any CPU.ActiveCfg = Debug|Any CPU
		{92E23B89-03DF-4257-9E04-24E6AFF6E4AB}.Debug|Any CPU.Build.0 = Debug|Any CPU
		{92E23B89-03DF-4257-9E04-24E6AFF6E4AB}.Release|Any CPU.ActiveCfg = Release|Any CPU
		{92E23B89-03DF-4257-9E04-24E6AFF6E4AB}.Release|Any CPU.Build.0 = Release|Any CPU
		{56041722-77A8-4518-99BE-8D5A4FE1BAF6}.Debug|Any CPU.ActiveCfg = Debug|Any CPU
		{56041722-77A8-4518-99BE-8D5A4FE1BAF6}.Debug|Any CPU.Build.0 = Debug|Any CPU
		{56041722-77A8-4518-99BE-8D5A4FE1BAF6}.Release|Any CPU.ActiveCfg = Release|Any CPU
		{56041722-77A8-4518-99BE-8D5A4FE1BAF6}.Release|Any CPU.Build.0 = Release|Any CPU
		{79205FA3-008F-4457-B928-584AECB3D1E4}.Debug|Any CPU.ActiveCfg = Debug|Any CPU
		{79205FA3-008F-4457-B928-584AECB3D1E4}.Debug|Any CPU.Build.0 = Debug|Any CPU
		{79205FA3-008F-4457-B928-584AECB3D1E4}.Release|Any CPU.ActiveCfg = Release|Any CPU
		{79205FA3-008F-4457-B928-584AECB3D1E4}.Release|Any CPU.Build.0 = Release|Any CPU
	EndGlobalSection
	GlobalSection(SolutionProperties) = preSolution
		HideSolutionNode = FALSE
	EndGlobalSection
	GlobalSection(ExtensibilityGlobals) = postSolution
		SolutionGuid = {D98BD7BE-5877-498F-A6CF-FC22F6C42464}
	EndGlobalSection
EndGlobal
